// !$*UTF8*$!
{
	archiveVersion = 1;
	classes = {
	};
	objectVersion = 46;
	objects = {

/* Begin PBXBuildFile section */
		30D8F8411FA2FFF600677B23 /* Tools.swift in Sources */ = {isa = PBXBuildFile; fileRef = 30D8F8401FA2FFF600677B23 /* Tools.swift */; };
		EB93DEFF1D93B91900766F27 /* AppDelegate.swift in Sources */ = {isa = PBXBuildFile; fileRef = EB93DEFE1D93B91900766F27 /* AppDelegate.swift */; };
		EB93DF011D93B91900766F27 /* ViewController.swift in Sources */ = {isa = PBXBuildFile; fileRef = EB93DF001D93B91900766F27 /* ViewController.swift */; };
		EB93DF041D93B91900766F27 /* Main.storyboard in Resources */ = {isa = PBXBuildFile; fileRef = EB93DF021D93B91900766F27 /* Main.storyboard */; };
		EB93DF061D93B91900766F27 /* Assets.xcassets in Resources */ = {isa = PBXBuildFile; fileRef = EB93DF051D93B91900766F27 /* Assets.xcassets */; };
		EB93DF091D93B91900766F27 /* LaunchScreen.storyboard in Resources */ = {isa = PBXBuildFile; fileRef = EB93DF071D93B91900766F27 /* LaunchScreen.storyboard */; };
		EB93DF111D93B94500766F27 /* AudioTools.swift in Sources */ = {isa = PBXBuildFile; fileRef = EB93DF101D93B94500766F27 /* AudioTools.swift */; };
		EB93DF271D93C18E00766F27 /* buyao.caf in Resources */ = {isa = PBXBuildFile; fileRef = EB93DF131D93C18E00766F27 /* buyao.caf */; };
		EB93DF281D93C18E00766F27 /* buyao.wav in Resources */ = {isa = PBXBuildFile; fileRef = EB93DF141D93C18E00766F27 /* buyao.wav */; };
		EB93DF291D93C18E00766F27 /* lose.aac in Resources */ = {isa = PBXBuildFile; fileRef = EB93DF151D93C18E00766F27 /* lose.aac */; };
		EB93DF2A1D93C18E00766F27 /* m_03.wav in Resources */ = {isa = PBXBuildFile; fileRef = EB93DF161D93C18E00766F27 /* m_03.wav */; };
		EB93DF2B1D93C18E00766F27 /* m_04.wav in Resources */ = {isa = PBXBuildFile; fileRef = EB93DF171D93C18E00766F27 /* m_04.wav */; };
		EB93DF2C1D93C18E00766F27 /* m_05.wav in Resources */ = {isa = PBXBuildFile; fileRef = EB93DF181D93C18E00766F27 /* m_05.wav */; };
		EB93DF2D1D93C18E00766F27 /* m_06.wav in Resources */ = {isa = PBXBuildFile; fileRef = EB93DF191D93C18E00766F27 /* m_06.wav */; };
		EB93DF2E1D93C18E00766F27 /* m_07.wav in Resources */ = {isa = PBXBuildFile; fileRef = EB93DF1A1D93C18E00766F27 /* m_07.wav */; };
		EB93DF2F1D93C18E00766F27 /* m_08.wav in Resources */ = {isa = PBXBuildFile; fileRef = EB93DF1B1D93C18E00766F27 /* m_08.wav */; };
		EB93DF301D93C18E00766F27 /* m_09.wav in Resources */ = {isa = PBXBuildFile; fileRef = EB93DF1C1D93C18E00766F27 /* m_09.wav */; };
		EB93DF311D93C18E00766F27 /* m_10.wav in Resources */ = {isa = PBXBuildFile; fileRef = EB93DF1D1D93C18E00766F27 /* m_10.wav */; };
		EB93DF321D93C18E00766F27 /* m_11.wav in Resources */ = {isa = PBXBuildFile; fileRef = EB93DF1E1D93C18E00766F27 /* m_11.wav */; };
		EB93DF331D93C18E00766F27 /* m_12.wav in Resources */ = {isa = PBXBuildFile; fileRef = EB93DF1F1D93C18E00766F27 /* m_12.wav */; };
		EB93DF341D93C18E00766F27 /* m_13.wav in Resources */ = {isa = PBXBuildFile; fileRef = EB93DF201D93C18E00766F27 /* m_13.wav */; };
		EB93DF351D93C18E00766F27 /* m_14.wav in Resources */ = {isa = PBXBuildFile; fileRef = EB93DF211D93C18E00766F27 /* m_14.wav */; };
		EB93DF361D93C18E00766F27 /* m_15.wav in Resources */ = {isa = PBXBuildFile; fileRef = EB93DF221D93C18E00766F27 /* m_15.wav */; };
		EB93DF371D93C18E00766F27 /* m_16.wav in Resources */ = {isa = PBXBuildFile; fileRef = EB93DF231D93C18E00766F27 /* m_16.wav */; };
		EB93DF381D93C18E00766F27 /* m_17.wav in Resources */ = {isa = PBXBuildFile; fileRef = EB93DF241D93C18E00766F27 /* m_17.wav */; };
		EB93DF391D93C18E00766F27 /* normal.aac in Resources */ = {isa = PBXBuildFile; fileRef = EB93DF251D93C18E00766F27 /* normal.aac */; };
		EB93DF3A1D93C18E00766F27 /* win.aac in Resources */ = {isa = PBXBuildFile; fileRef = EB93DF261D93C18E00766F27 /* win.aac */; };
		EB93DF3C1D93C59F00766F27 /* 我的滑板鞋.mp3 in Resources */ = {isa = PBXBuildFile; fileRef = EB93DF3B1D93C59F00766F27 /* 我的滑板鞋.mp3 */; };
/* End PBXBuildFile section */

/* Begin PBXFileReference section */
		30D8F8401FA2FFF600677B23 /* Tools.swift */ = {isa = PBXFileReference; lastKnownFileType = sourcecode.swift; path = Tools.swift; sourceTree = "<group>"; };
		EB93DEFB1D93B91900766F27 /* music.app */ = {isa = PBXFileReference; explicitFileType = wrapper.application; includeInIndex = 0; path = music.app; sourceTree = BUILT_PRODUCTS_DIR; };
		EB93DEFE1D93B91900766F27 /* AppDelegate.swift */ = {isa = PBXFileReference; lastKnownFileType = sourcecode.swift; path = AppDelegate.swift; sourceTree = "<group>"; };
		EB93DF001D93B91900766F27 /* ViewController.swift */ = {isa = PBXFileReference; lastKnownFileType = sourcecode.swift; path = ViewController.swift; sourceTree = "<group>"; };
		EB93DF031D93B91900766F27 /* Base */ = {isa = PBXFileReference; lastKnownFileType = file.storyboard; name = Base; path = Base.lproj/Main.storyboard; sourceTree = "<group>"; };
		EB93DF051D93B91900766F27 /* Assets.xcassets */ = {isa = PBXFileReference; lastKnownFileType = folder.assetcatalog; path = Assets.xcassets; sourceTree = "<group>"; };
		EB93DF081D93B91900766F27 /* Base */ = {isa = PBXFileReference; lastKnownFileType = file.storyboard; name = Base; path = Base.lproj/LaunchScreen.storyboard; sourceTree = "<group>"; };
		EB93DF0A1D93B91900766F27 /* Info.plist */ = {isa = PBXFileReference; lastKnownFileType = text.plist.xml; path = Info.plist; sourceTree = "<group>"; };
		EB93DF101D93B94500766F27 /* AudioTools.swift */ = {isa = PBXFileReference; fileEncoding = 4; lastKnownFileType = sourcecode.swift; path = AudioTools.swift; sourceTree = "<group>"; };
		EB93DF131D93C18E00766F27 /* buyao.caf */ = {isa = PBXFileReference; lastKnownFileType = file; path = buyao.caf; sourceTree = "<group>"; };
		EB93DF141D93C18E00766F27 /* buyao.wav */ = {isa = PBXFileReference; lastKnownFileType = audio.wav; path = buyao.wav; sourceTree = "<group>"; };
		EB93DF151D93C18E00766F27 /* lose.aac */ = {isa = PBXFileReference; lastKnownFileType = file; path = lose.aac; sourceTree = "<group>"; };
		EB93DF161D93C18E00766F27 /* m_03.wav */ = {isa = PBXFileReference; lastKnownFileType = audio.wav; path = m_03.wav; sourceTree = "<group>"; };
		EB93DF171D93C18E00766F27 /* m_04.wav */ = {isa = PBXFileReference; lastKnownFileType = audio.wav; path = m_04.wav; sourceTree = "<group>"; };
		EB93DF181D93C18E00766F27 /* m_05.wav */ = {isa = PBXFileReference; lastKnownFileType = audio.wav; path = m_05.wav; sourceTree = "<group>"; };
		EB93DF191D93C18E00766F27 /* m_06.wav */ = {isa = PBXFileReference; lastKnownFileType = audio.wav; path = m_06.wav; sourceTree = "<group>"; };
		EB93DF1A1D93C18E00766F27 /* m_07.wav */ = {isa = PBXFileReference; lastKnownFileType = audio.wav; path = m_07.wav; sourceTree = "<group>"; };
		EB93DF1B1D93C18E00766F27 /* m_08.wav */ = {isa = PBXFileReference; lastKnownFileType = audio.wav; path = m_08.wav; sourceTree = "<group>"; };
		EB93DF1C1D93C18E00766F27 /* m_09.wav */ = {isa = PBXFileReference; lastKnownFileType = audio.wav; path = m_09.wav; sourceTree = "<group>"; };
		EB93DF1D1D93C18E00766F27 /* m_10.wav */ = {isa = PBXFileReference; lastKnownFileType = audio.wav; path = m_10.wav; sourceTree = "<group>"; };
		EB93DF1E1D93C18E00766F27 /* m_11.wav */ = {isa = PBXFileReference; lastKnownFileType = audio.wav; path = m_11.wav; sourceTree = "<group>"; };
		EB93DF1F1D93C18E00766F27 /* m_12.wav */ = {isa = PBXFileReference; lastKnownFileType = audio.wav; path = m_12.wav; sourceTree = "<group>"; };
		EB93DF201D93C18E00766F27 /* m_13.wav */ = {isa = PBXFileReference; lastKnownFileType = audio.wav; path = m_13.wav; sourceTree = "<group>"; };
		EB93DF211D93C18E00766F27 /* m_14.wav */ = {isa = PBXFileReference; lastKnownFileType = audio.wav; path = m_14.wav; sourceTree = "<group>"; };
		EB93DF221D93C18E00766F27 /* m_15.wav */ = {isa = PBXFileReference; lastKnownFileType = audio.wav; path = m_15.wav; sourceTree = "<group>"; };
		EB93DF231D93C18E00766F27 /* m_16.wav */ = {isa = PBXFileReference; lastKnownFileType = audio.wav; path = m_16.wav; sourceTree = "<group>"; };
		EB93DF241D93C18E00766F27 /* m_17.wav */ = {isa = PBXFileReference; lastKnownFileType = audio.wav; path = m_17.wav; sourceTree = "<group>"; };
		EB93DF251D93C18E00766F27 /* normal.aac */ = {isa = PBXFileReference; lastKnownFileType = file; path = normal.aac; sourceTree = "<group>"; };
		EB93DF261D93C18E00766F27 /* win.aac */ = {isa = PBXFileReference; lastKnownFileType = file; path = win.aac; sourceTree = "<group>"; };
		EB93DF3B1D93C59F00766F27 /* 我的滑板鞋.mp3 */ = {isa = PBXFileReference; lastKnownFileType = audio.mp3; path = "我的滑板鞋.mp3"; sourceTree = "<group>"; };
/* End PBXFileReference section */

/* Begin PBXFrameworksBuildPhase section */
		EB93DEF81D93B91900766F27 /* Frameworks */ = {
			isa = PBXFrameworksBuildPhase;
			buildActionMask = 2147483647;
			files = (
			);
			runOnlyForDeploymentPostprocessing = 0;
		};
/* End PBXFrameworksBuildPhase section */

/* Begin PBXGroup section */
		EB93DEF21D93B91900766F27 = {
			isa = PBXGroup;
			children = (
				EB93DEFD1D93B91900766F27 /* music */,
				EB93DEFC1D93B91900766F27 /* Products */,
			);
			sourceTree = "<group>";
		};
		EB93DEFC1D93B91900766F27 /* Products */ = {
			isa = PBXGroup;
			children = (
				EB93DEFB1D93B91900766F27 /* music.app */,
			);
			name = Products;
			sourceTree = "<group>";
		};
		EB93DEFD1D93B91900766F27 /* music */ = {
			isa = PBXGroup;
			children = (
				EB93DEFE1D93B91900766F27 /* AppDelegate.swift */,
				EB93DF001D93B91900766F27 /* ViewController.swift */,
				EB93DF3B1D93C59F00766F27 /* 我的滑板鞋.mp3 */,
				EB93DF121D93C18E00766F27 /* 音频 */,
				EB93DF021D93B91900766F27 /* Main.storyboard */,
				EB93DF051D93B91900766F27 /* Assets.xcassets */,
				EB93DF071D93B91900766F27 /* LaunchScreen.storyboard */,
				EB93DF0A1D93B91900766F27 /* Info.plist */,
				EB93DF101D93B94500766F27 /* AudioTools.swift */,
				30D8F8401FA2FFF600677B23 /* Tools.swift */,
			);
			path = music;
			sourceTree = "<group>";
		};
		EB93DF121D93C18E00766F27 /* 音频 */ = {
			isa = PBXGroup;
			children = (
				EB93DF131D93C18E00766F27 /* buyao.caf */,
				EB93DF141D93C18E00766F27 /* buyao.wav */,
				EB93DF151D93C18E00766F27 /* lose.aac */,
				EB93DF161D93C18E00766F27 /* m_03.wav */,
				EB93DF171D93C18E00766F27 /* m_04.wav */,
				EB93DF181D93C18E00766F27 /* m_05.wav */,
				EB93DF191D93C18E00766F27 /* m_06.wav */,
				EB93DF1A1D93C18E00766F27 /* m_07.wav */,
				EB93DF1B1D93C18E00766F27 /* m_08.wav */,
				EB93DF1C1D93C18E00766F27 /* m_09.wav */,
				EB93DF1D1D93C18E00766F27 /* m_10.wav */,
				EB93DF1E1D93C18E00766F27 /* m_11.wav */,
				EB93DF1F1D93C18E00766F27 /* m_12.wav */,
				EB93DF201D93C18E00766F27 /* m_13.wav */,
				EB93DF211D93C18E00766F27 /* m_14.wav */,
				EB93DF221D93C18E00766F27 /* m_15.wav */,
				EB93DF231D93C18E00766F27 /* m_16.wav */,
				EB93DF241D93C18E00766F27 /* m_17.wav */,
				EB93DF251D93C18E00766F27 /* normal.aac */,
				EB93DF261D93C18E00766F27 /* win.aac */,
			);
			path = "音频";
			sourceTree = "<group>";
		};
/* End PBXGroup section */

/* Begin PBXNativeTarget section */
		EB93DEFA1D93B91900766F27 /* music */ = {
			isa = PBXNativeTarget;
			buildConfigurationList = EB93DF0D1D93B91900766F27 /* Build configuration list for PBXNativeTarget "music" */;
			buildPhases = (
				EB93DEF71D93B91900766F27 /* Sources */,
				EB93DEF81D93B91900766F27 /* Frameworks */,
				EB93DEF91D93B91900766F27 /* Resources */,
			);
			buildRules = (
			);
			dependencies = (
			);
			name = music;
			productName = music;
			productReference = EB93DEFB1D93B91900766F27 /* music.app */;
			productType = "com.apple.product-type.application";
		};
/* End PBXNativeTarget section */

/* Begin PBXProject section */
		EB93DEF31D93B91900766F27 /* Project object */ = {
			isa = PBXProject;
			attributes = {
				LastSwiftUpdateCheck = 0800;
				LastUpgradeCheck = 0800;
				ORGANIZATIONNAME = joker;
				TargetAttributes = {
					EB93DEFA1D93B91900766F27 = {
						CreatedOnToolsVersion = 8.0;
						DevelopmentTeam = ZWZANXUM79;
						ProvisioningStyle = Automatic;
					};
				};
			};
			buildConfigurationList = EB93DEF61D93B91900766F27 /* Build configuration list for PBXProject "music" */;
			compatibilityVersion = "Xcode 3.2";
			developmentRegion = English;
			hasScannedForEncodings = 0;
			knownRegions = (
				en,
				Base,
			);
			mainGroup = EB93DEF21D93B91900766F27;
			productRefGroup = EB93DEFC1D93B91900766F27 /* Products */;
			projectDirPath = "";
			projectRoot = "";
			targets = (
				EB93DEFA1D93B91900766F27 /* music */,
			);
		};
/* End PBXProject section */

/* Begin PBXResourcesBuildPhase section */
		EB93DEF91D93B91900766F27 /* Resources */ = {
			isa = PBXResourcesBuildPhase;
			buildActionMask = 2147483647;
			files = (
				EB93DF341D93C18E00766F27 /* m_13.wav in Resources */,
				EB93DF321D93C18E00766F27 /* m_11.wav in Resources */,
				EB93DF2F1D93C18E00766F27 /* m_08.wav in Resources */,
				EB93DF381D93C18E00766F27 /* m_17.wav in Resources */,
				EB93DF2D1D93C18E00766F27 /* m_06.wav in Resources */,
				EB93DF331D93C18E00766F27 /* m_12.wav in Resources */,
				EB93DF091D93B91900766F27 /* LaunchScreen.storyboard in Resources */,
				EB93DF311D93C18E00766F27 /* m_10.wav in Resources */,
				EB93DF271D93C18E00766F27 /* buyao.caf in Resources */,
				EB93DF2A1D93C18E00766F27 /* m_03.wav in Resources */,
				EB93DF291D93C18E00766F27 /* lose.aac in Resources */,
				EB93DF361D93C18E00766F27 /* m_15.wav in Resources */,
				EB93DF391D93C18E00766F27 /* normal.aac in Resources */,
				EB93DF3A1D93C18E00766F27 /* win.aac in Resources */,
				EB93DF2B1D93C18E00766F27 /* m_04.wav in Resources */,
				EB93DF3C1D93C59F00766F27 /* 我的滑板鞋.mp3 in Resources */,
				EB93DF281D93C18E00766F27 /* buyao.wav in Resources */,
				EB93DF2E1D93C18E00766F27 /* m_07.wav in Resources */,
				EB93DF2C1D93C18E00766F27 /* m_05.wav in Resources */,
				EB93DF371D93C18E00766F27 /* m_16.wav in Resources */,
				EB93DF061D93B91900766F27 /* Assets.xcassets in Resources */,
				EB93DF351D93C18E00766F27 /* m_14.wav in Resources */,
				EB93DF041D93B91900766F27 /* Main.storyboard in Resources */,
				EB93DF301D93C18E00766F27 /* m_09.wav in Resources */,
			);
			runOnlyForDeploymentPostprocessing = 0;
		};
/* End PBXResourcesBuildPhase section */

/* Begin PBXSourcesBuildPhase section */
		EB93DEF71D93B91900766F27 /* Sources */ = {
			isa = PBXSourcesBuildPhase;
			buildActionMask = 2147483647;
			files = (
				EB93DF011D93B91900766F27 /* ViewController.swift in Sources */,
				EB93DF111D93B94500766F27 /* AudioTools.swift in Sources */,
				EB93DEFF1D93B91900766F27 /* AppDelegate.swift in Sources */,
				30D8F8411FA2FFF600677B23 /* Tools.swift in Sources */,
			);
			runOnlyForDeploymentPostprocessing = 0;
		};
/* End PBXSourcesBuildPhase section */

/* Begin PBXVariantGroup section */
		EB93DF021D93B91900766F27 /* Main.storyboard */ = {
			isa = PBXVariantGroup;
			children = (
				EB93DF031D93B91900766F27 /* Base */,
			);
			name = Main.storyboard;
			sourceTree = "<group>";
		};
		EB93DF071D93B91900766F27 /* LaunchScreen.storyboard */ = {
			isa = PBXVariantGroup;
			children = (
				EB93DF081D93B91900766F27 /* Base */,
			);
			name = LaunchScreen.storyboard;
			sourceTree = "<group>";
		};
/* End PBXVariantGroup section */

/* Begin XCBuildConfiguration section */
		EB93DF0B1D93B91900766F27 /* Debug */ = {
			isa = XCBuildConfiguration;
			buildSettings = {
				ALWAYS_SEARCH_USER_PATHS = NO;
				CLANG_ANALYZER_NONNULL = YES;
				CLANG_CXX_LANGUAGE_STANDARD = "gnu++0x";
				CLANG_CXX_LIBRARY = "libc++";
				CLANG_ENABLE_MODULES = YES;
				CLANG_ENABLE_OBJC_ARC = YES;
				CLANG_WARN_BOOL_CONVERSION = YES;
				CLANG_WARN_CONSTANT_CONVERSION = YES;
				CLANG_WARN_DIRECT_OBJC_ISA_USAGE = YES_ERROR;
				CLANG_WARN_DOCUMENTATION_COMMENTS = YES;
				CLANG_WARN_EMPTY_BODY = YES;
				CLANG_WARN_ENUM_CONVERSION = YES;
				CLANG_WARN_INFINITE_RECURSION = YES;
				CLANG_WARN_INT_CONVERSION = YES;
				CLANG_WARN_OBJC_ROOT_CLASS = YES_ERROR;
				CLANG_WARN_SUSPICIOUS_MOVES = YES;
				CLANG_WARN_UNREACHABLE_CODE = YES;
				CLANG_WARN__DUPLICATE_METHOD_MATCH = YES;
				"CODE_SIGN_IDENTITY[sdk=iphoneos*]" = "iPhone Developer";
				COPY_PHASE_STRIP = NO;
				DEBUG_INFORMATION_FORMAT = dwarf;
				ENABLE_STRICT_OBJC_MSGSEND = YES;
				ENABLE_TESTABILITY = YES;
				GCC_C_LANGUAGE_STANDARD = gnu99;
				GCC_DYNAMIC_NO_PIC = NO;
				GCC_NO_COMMON_BLOCKS = YES;
				GCC_OPTIMIZATION_LEVEL = 0;
				GCC_PREPROCESSOR_DEFINITIONS = (
					"DEBUG=1",
					"$(inherited)",
				);
				GCC_WARN_64_TO_32_BIT_CONVERSION = YES;
				GCC_WARN_ABOUT_RETURN_TYPE = YES_ERROR;
				GCC_WARN_UNDECLARED_SELECTOR = YES;
				GCC_WARN_UNINITIALIZED_AUTOS = YES_AGGRESSIVE;
				GCC_WARN_UNUSED_FUNCTION = YES;
				GCC_WARN_UNUSED_VARIABLE = YES;
				IPHONEOS_DEPLOYMENT_TARGET = 10.0;
				MTL_ENABLE_DEBUG_INFO = YES;
				ONLY_ACTIVE_ARCH = YES;
				SDKROOT = iphoneos;
				SWIFT_ACTIVE_COMPILATION_CONDITIONS = DEBUG;
				SWIFT_OPTIMIZATION_LEVEL = "-Onone";
			};
			name = Debug;
		};
		EB93DF0C1D93B91900766F27 /* Release */ = {
			isa = XCBuildConfiguration;
			buildSettings = {
				ALWAYS_SEARCH_USER_PATHS = NO;
				CLANG_ANALYZER_NONNULL = YES;
				CLANG_CXX_LANGUAGE_STANDARD = "gnu++0x";
				CLANG_CXX_LIBRARY = "libc++";
				CLANG_ENABLE_MODULES = YES;
				CLANG_ENABLE_OBJC_ARC = YES;
				CLANG_WARN_BOOL_CONVERSION = YES;
				CLANG_WARN_CONSTANT_CONVERSION = YES;
				CLANG_WARN_DIRECT_OBJC_ISA_USAGE = YES_ERROR;
				CLANG_WARN_DOCUMENTATION_COMMENTS = YES;
				CLANG_WARN_EMPTY_BODY = YES;
				CLANG_WARN_ENUM_CONVERSION = YES;
				CLANG_WARN_INFINITE_RECURSION = YES;
				CLANG_WARN_INT_CONVERSION = YES;
				CLANG_WARN_OBJC_ROOT_CLASS = YES_ERROR;
				CLANG_WARN_SUSPICIOUS_MOVES = YES;
				CLANG_WARN_UNREACHABLE_CODE = YES;
				CLANG_WARN__DUPLICATE_METHOD_MATCH = YES;
				"CODE_SIGN_IDENTITY[sdk=iphoneos*]" = "iPhone Developer";
				COPY_PHASE_STRIP = NO;
				DEBUG_INFORMATION_FORMAT = "dwarf-with-dsym";
				ENABLE_NS_ASSERTIONS = NO;
				ENABLE_STRICT_OBJC_MSGSEND = YES;
				GCC_C_LANGUAGE_STANDARD = gnu99;
				GCC_NO_COMMON_BLOCKS = YES;
				GCC_WARN_64_TO_32_BIT_CONVERSION = YES;
				GCC_WARN_ABOUT_RETURN_TYPE = YES_ERROR;
				GCC_WARN_UNDECLARED_SELECTOR = YES;
				GCC_WARN_UNINITIALIZED_AUTOS = YES_AGGRESSIVE;
				GCC_WARN_UNUSED_FUNCTION = YES;
				GCC_WARN_UNUSED_VARIABLE = YES;
				IPHONEOS_DEPLOYMENT_TARGET = 10.0;
				MTL_ENABLE_DEBUG_INFO = NO;
				SDKROOT = iphoneos;
				SWIFT_OPTIMIZATION_LEVEL = "-Owholemodule";
				VALIDATE_PRODUCT = YES;
			};
			name = Release;
		};
		EB93DF0E1D93B91900766F27 /* Debug */ = {
			isa = XCBuildConfiguration;
			buildSettings = {
				ASSETCATALOG_COMPILER_APPICON_NAME = AppIcon;
				DEVELOPMENT_TEAM = ZWZANXUM79;
				INFOPLIST_FILE = music/Info.plist;
				LD_RUNPATH_SEARCH_PATHS = "$(inherited) @executable_path/Frameworks";
				PRODUCT_BUNDLE_IDENTIFIER = "com.iOS-swift.20160422.learn.music";
				PRODUCT_NAME = "$(TARGET_NAME)";
				SWIFT_VERSION = 3.0;
			};
			name = Debug;
		};
		EB93DF0F1D93B91900766F27 /* Release */ = {
			isa = XCBuildConfiguration;
			buildSettings = {
				ASSETCATALOG_COMPILER_APPICON_NAME = AppIcon;
				DEVELOPMENT_TEAM = ZWZANXUM79;
				INFOPLIST_FILE = music/Info.plist;
				LD_RUNPATH_SEARCH_PATHS = "$(inherited) @executable_path/Frameworks";
				PRODUCT_BUNDLE_IDENTIFIER = "com.iOS-swift.20160422.learn.music";
				PRODUCT_NAME = "$(TARGET_NAME)";
				SWIFT_VERSION = 3.0;
			};
			name = Release;
		};
/* End XCBuildConfiguration section */

/* Begin XCConfigurationList section */
		EB93DEF61D93B91900766F27 /* Build configuration list for PBXProject "music" */ = {
			isa = XCConfigurationList;
			buildConfigurations = (
				EB93DF0B1D93B91900766F27 /* Debug */,
				EB93DF0C1D93B91900766F27 /* Release */,
			);
			defaultConfigurationIsVisible = 0;
			defaultConfigurationName = Release;
		};
		EB93DF0D1D93B91900766F27 /* Build configuration list for PBXNativeTarget "music" */ = {
			isa = XCConfigurationList;
			buildConfigurations = (
				EB93DF0E1D93B91900766F27 /* Debug */,
				EB93DF0F1D93B91900766F27 /* Release */,
			);
			defaultConfigurationIsVisible = 0;
			defaultConfigurationName = Release;
		};
/* End XCConfigurationList section */
	};
	rootObject = EB93DEF31D93B91900766F27 /* Project object */;
}
